// !$*UTF8*$!
{
	archiveVersion = 1;
	classes = {
	};
	objectVersion = 56;
	objects = {

/* Begin PBXBuildFile section */
		D5411BAC2B56F9070009719B /* AppDelegate.swift in Sources */ = {isa = PBXBuildFile; fileRef = D5411BAB2B56F9070009719B /* AppDelegate.swift */; };
		D5411BAE2B56F9070009719B /* SceneDelegate.swift in Sources */ = {isa = PBXBuildFile; fileRef = D5411BAD2B56F9070009719B /* SceneDelegate.swift */; };
		D5411BB02B56F9070009719B /* HomePageViewController.swift in Sources */ = {isa = PBXBuildFile; fileRef = D5411BAF2B56F9070009719B /* HomePageViewController.swift */; };
		D5411BB82B56F9080009719B /* LaunchScreen.storyboard in Resources */ = {isa = PBXBuildFile; fileRef = D5411BB62B56F9080009719B /* LaunchScreen.storyboard */; };
		D5411BC32B56FD620009719B /* HomePageViewModel.swift in Sources */ = {isa = PBXBuildFile; fileRef = D5411BC22B56FD620009719B /* HomePageViewModel.swift */; };
		D5411BC62B57158C0009719B /* CountryModel.swift in Sources */ = {isa = PBXBuildFile; fileRef = D5411BC52B57158C0009719B /* CountryModel.swift */; };
		D5411BC92B5715ED0009719B /* NetworkLayerPackage in Frameworks */ = {isa = PBXBuildFile; productRef = D5411BC82B5715ED0009719B /* NetworkLayerPackage */; };
		D5411BCC2B571FBB0009719B /* LearningPageViewController.swift in Sources */ = {isa = PBXBuildFile; fileRef = D5411BCB2B571FBB0009719B /* LearningPageViewController.swift */; };
		D5411BCE2B571FDD0009719B /* LearningPageViewModel.swift in Sources */ = {isa = PBXBuildFile; fileRef = D5411BCD2B571FDD0009719B /* LearningPageViewModel.swift */; };
		D5411BD12B5728540009719B /* DateFormatter.swift in Sources */ = {isa = PBXBuildFile; fileRef = D5411BD02B5728540009719B /* DateFormatter.swift */; };
		D5411BD42B572B3A0009719B /* CustomCell.swift in Sources */ = {isa = PBXBuildFile; fileRef = D5411BD32B572B3A0009719B /* CustomCell.swift */; };
		D5411BD72B586DE90009719B /* CountryDetailsView.swift in Sources */ = {isa = PBXBuildFile; fileRef = D5411BD62B586DE90009719B /* CountryDetailsView.swift */; };
		D5411BDB2B5876790009719B /* StartQuizViewController.swift in Sources */ = {isa = PBXBuildFile; fileRef = D5411BDA2B5876790009719B /* StartQuizViewController.swift */; };
		D5411BDE2B587D6B0009719B /* Router.swift in Sources */ = {isa = PBXBuildFile; fileRef = D5411BDD2B587D6B0009719B /* Router.swift */; };
		D5411BE02B5882790009719B /* StartQuizViewModel.swift in Sources */ = {isa = PBXBuildFile; fileRef = D5411BDF2B5882790009719B /* StartQuizViewModel.swift */; };
		D5411BE22B59BD720009719B /* CapitalsQuizView.swift in Sources */ = {isa = PBXBuildFile; fileRef = D5411BE12B59BD720009719B /* CapitalsQuizView.swift */; };
		D5411BE42B59BDE20009719B /* CapitalsQuizViewModel.swift in Sources */ = {isa = PBXBuildFile; fileRef = D5411BE32B59BDE20009719B /* CapitalsQuizViewModel.swift */; };
		D5411BE72B5D69650009719B /* NetworkLayerPackage in Frameworks */ = {isa = PBXBuildFile; productRef = D5411BE62B5D69650009719B /* NetworkLayerPackage */; };
		D5411BEB2B5F02820009719B /* QuizCompletionView.swift in Sources */ = {isa = PBXBuildFile; fileRef = D5411BEA2B5F02820009719B /* QuizCompletionView.swift */; };
		D5411BED2B5F02B80009719B /* AnswersView.swift in Sources */ = {isa = PBXBuildFile; fileRef = D5411BEC2B5F02B80009719B /* AnswersView.swift */; };
		D5411BEF2B5F02D20009719B /* QuestionView.swift in Sources */ = {isa = PBXBuildFile; fileRef = D5411BEE2B5F02D20009719B /* QuestionView.swift */; };
		D5411BF12B602AA40009719B /* FlagsQuizView.swift in Sources */ = {isa = PBXBuildFile; fileRef = D5411BF02B602AA40009719B /* FlagsQuizView.swift */; };
		D5411BF32B602AD90009719B /* FlagsQuizViewModel.swift in Sources */ = {isa = PBXBuildFile; fileRef = D5411BF22B602AD90009719B /* FlagsQuizViewModel.swift */; };
		D5411BF52B6185BC0009719B /* FlagsQuizAnswersView.swift in Sources */ = {isa = PBXBuildFile; fileRef = D5411BF42B6185BC0009719B /* FlagsQuizAnswersView.swift */; };
		D56F590C2B6EEAD2001D43D1 /* SoundButtonView.swift in Sources */ = {isa = PBXBuildFile; fileRef = D56F590B2B6EEAD2001D43D1 /* SoundButtonView.swift */; };
		D56F590F2B6FC5A1001D43D1 /* Images.xcassets in Resources */ = {isa = PBXBuildFile; fileRef = D56F590E2B6FC5A1001D43D1 /* Images.xcassets */; };
		D56F59132B6FD8E5001D43D1 /* LondrinaSolid-Regular.ttf in Resources */ = {isa = PBXBuildFile; fileRef = D56F59112B6FD84C001D43D1 /* LondrinaSolid-Regular.ttf */; };
		D56F59152B702A20001D43D1 /* ResultTableViewCell.swift in Sources */ = {isa = PBXBuildFile; fileRef = D56F59142B702A20001D43D1 /* ResultTableViewCell.swift */; };
		D56F59172B7034CF001D43D1 /* CustomButton.swift in Sources */ = {isa = PBXBuildFile; fileRef = D56F59162B7034CF001D43D1 /* CustomButton.swift */; };
		D56F591A2B70382B001D43D1 /* CustomLabel.swift in Sources */ = {isa = PBXBuildFile; fileRef = D56F59192B70382B001D43D1 /* CustomLabel.swift */; };
		D56F591C2B704DC6001D43D1 /* FontExtension.swift in Sources */ = {isa = PBXBuildFile; fileRef = D56F591B2B704DC6001D43D1 /* FontExtension.swift */; };
		D56F59222B79310F001D43D1 /* ButtonModifierView.swift in Sources */ = {isa = PBXBuildFile; fileRef = D56F59212B79310E001D43D1 /* ButtonModifierView.swift */; };
		D56F59242B7933E0001D43D1 /* CustomFireworksView.swift in Sources */ = {isa = PBXBuildFile; fileRef = D56F59232B7933E0001D43D1 /* CustomFireworksView.swift */; };
		D56F59262B7948D6001D43D1 /* ShakeView.swift in Sources */ = {isa = PBXBuildFile; fileRef = D56F59252B7948D6001D43D1 /* ShakeView.swift */; };
		D56F59282B79546C001D43D1 /* UITableViewExtension.swift in Sources */ = {isa = PBXBuildFile; fileRef = D56F59272B79546C001D43D1 /* UITableViewExtension.swift */; };
		D56F592A2B7961AC001D43D1 /* UserDefaultsExtension.swift in Sources */ = {isa = PBXBuildFile; fileRef = D56F59292B7961AC001D43D1 /* UserDefaultsExtension.swift */; };
		D56F593E2B7A8F55001D43D1 /* QuizResultModel.swift in Sources */ = {isa = PBXBuildFile; fileRef = D56F593D2B7A8F55001D43D1 /* QuizResultModel.swift */; };
		D56F59462B7A9159001D43D1 /* GeographyUnitTests.swift in Sources */ = {isa = PBXBuildFile; fileRef = D56F59452B7A9159001D43D1 /* GeographyUnitTests.swift */; };
		D5A67D8D2BAA5EEB0098A668 /* CustomQuizViewController.swift in Sources */ = {isa = PBXBuildFile; fileRef = D5A67D8C2BAA5EEA0098A668 /* CustomQuizViewController.swift */; };
		D5A67D8F2BAB6C5F0098A668 /* QuizModels.swift in Sources */ = {isa = PBXBuildFile; fileRef = D5A67D8E2BAB6C5F0098A668 /* QuizModels.swift */; };
		D5A67D922BAB6E410098A668 /* MixedQuizView.swift in Sources */ = {isa = PBXBuildFile; fileRef = D5A67D912BAB6E410098A668 /* MixedQuizView.swift */; };
		D5A67D942BAB6E4B0098A668 /* MixedQuizViewModel.swift in Sources */ = {isa = PBXBuildFile; fileRef = D5A67D932BAB6E4B0098A668 /* MixedQuizViewModel.swift */; };
		D5A67D962BAB70030098A668 /* CustomQuizViewModel.swift in Sources */ = {isa = PBXBuildFile; fileRef = D5A67D952BAB70030098A668 /* CustomQuizViewModel.swift */; };
		D5A67D982BAB8CEB0098A668 /* AlertManager.swift in Sources */ = {isa = PBXBuildFile; fileRef = D5A67D972BAB8CEB0098A668 /* AlertManager.swift */; };
		D5A67D9C2BADB4080098A668 /* AudioPlayerProtocol.swift in Sources */ = {isa = PBXBuildFile; fileRef = D5A67D9B2BADB4080098A668 /* AudioPlayerProtocol.swift */; };
		D5B1F1892B66912500645EC8 /* QuizControlView.swift in Sources */ = {isa = PBXBuildFile; fileRef = D5B1F1882B66912500645EC8 /* QuizControlView.swift */; };
		D5B1F18F2B66A81B00645EC8 /* QuizProtocol.swift in Sources */ = {isa = PBXBuildFile; fileRef = D5B1F18E2B66A81B00645EC8 /* QuizProtocol.swift */; };
		D5B1F1BE2B69984B00645EC8 /* correct.mp3 in Resources */ = {isa = PBXBuildFile; fileRef = D5B1F1BC2B69984B00645EC8 /* correct.mp3 */; };
		D5B1F1BF2B69984B00645EC8 /* wrong.mp3 in Resources */ = {isa = PBXBuildFile; fileRef = D5B1F1BD2B69984B00645EC8 /* wrong.mp3 */; };
		D5B1F1C12B6C143A00645EC8 /* TimerView.swift in Sources */ = {isa = PBXBuildFile; fileRef = D5B1F1C02B6C143A00645EC8 /* TimerView.swift */; };
		D5B1F1C42B6C25D200645EC8 /* PlaceholderViewController.swift in Sources */ = {isa = PBXBuildFile; fileRef = D5B1F1C32B6C25D200645EC8 /* PlaceholderViewController.swift */; };
		D5B1F1C62B6C27D700645EC8 /* PlaceholderViewModel.swift in Sources */ = {isa = PBXBuildFile; fileRef = D5B1F1C52B6C27D700645EC8 /* PlaceholderViewModel.swift */; };
		D5B1F1C92B6DB78C00645EC8 /* StatsPageViewController.swift in Sources */ = {isa = PBXBuildFile; fileRef = D5B1F1C82B6DB78C00645EC8 /* StatsPageViewController.swift */; };
		D5B1F1CB2B6DB90E00645EC8 /* StatsPageViewModel.swift in Sources */ = {isa = PBXBuildFile; fileRef = D5B1F1CA2B6DB90E00645EC8 /* StatsPageViewModel.swift */; };
/* End PBXBuildFile section */

/* Begin PBXContainerItemProxy section */
		D56F59472B7A915A001D43D1 /* PBXContainerItemProxy */ = {
			isa = PBXContainerItemProxy;
			containerPortal = D5411BA02B56F9070009719B /* Project object */;
			proxyType = 1;
			remoteGlobalIDString = D5411BA72B56F9070009719B;
			remoteInfo = Geography;
		};
/* End PBXContainerItemProxy section */

/* Begin PBXFileReference section */
		D5411BA82B56F9070009719B /* Geography.app */ = {isa = PBXFileReference; explicitFileType = wrapper.application; includeInIndex = 0; path = Geography.app; sourceTree = BUILT_PRODUCTS_DIR; };
		D5411BAB2B56F9070009719B /* AppDelegate.swift */ = {isa = PBXFileReference; lastKnownFileType = sourcecode.swift; path = AppDelegate.swift; sourceTree = "<group>"; };
		D5411BAD2B56F9070009719B /* SceneDelegate.swift */ = {isa = PBXFileReference; lastKnownFileType = sourcecode.swift; path = SceneDelegate.swift; sourceTree = "<group>"; };
		D5411BAF2B56F9070009719B /* HomePageViewController.swift */ = {isa = PBXFileReference; lastKnownFileType = sourcecode.swift; path = HomePageViewController.swift; sourceTree = "<group>"; };
		D5411BB72B56F9080009719B /* Base */ = {isa = PBXFileReference; lastKnownFileType = file.storyboard; name = Base; path = Base.lproj/LaunchScreen.storyboard; sourceTree = "<group>"; };
		D5411BB92B56F9080009719B /* Info.plist */ = {isa = PBXFileReference; lastKnownFileType = text.plist.xml; path = Info.plist; sourceTree = "<group>"; };
		D5411BC22B56FD620009719B /* HomePageViewModel.swift */ = {isa = PBXFileReference; lastKnownFileType = sourcecode.swift; path = HomePageViewModel.swift; sourceTree = "<group>"; };
		D5411BC52B57158C0009719B /* CountryModel.swift */ = {isa = PBXFileReference; lastKnownFileType = sourcecode.swift; path = CountryModel.swift; sourceTree = "<group>"; };
		D5411BCB2B571FBB0009719B /* LearningPageViewController.swift */ = {isa = PBXFileReference; lastKnownFileType = sourcecode.swift; path = LearningPageViewController.swift; sourceTree = "<group>"; };
		D5411BCD2B571FDD0009719B /* LearningPageViewModel.swift */ = {isa = PBXFileReference; lastKnownFileType = sourcecode.swift; path = LearningPageViewModel.swift; sourceTree = "<group>"; };
		D5411BD02B5728540009719B /* DateFormatter.swift */ = {isa = PBXFileReference; lastKnownFileType = sourcecode.swift; path = DateFormatter.swift; sourceTree = "<group>"; };
		D5411BD32B572B3A0009719B /* CustomCell.swift */ = {isa = PBXFileReference; lastKnownFileType = sourcecode.swift; path = CustomCell.swift; sourceTree = "<group>"; };
		D5411BD62B586DE90009719B /* CountryDetailsView.swift */ = {isa = PBXFileReference; lastKnownFileType = sourcecode.swift; path = CountryDetailsView.swift; sourceTree = "<group>"; };
		D5411BDA2B5876790009719B /* StartQuizViewController.swift */ = {isa = PBXFileReference; lastKnownFileType = sourcecode.swift; path = StartQuizViewController.swift; sourceTree = "<group>"; };
		D5411BDD2B587D6B0009719B /* Router.swift */ = {isa = PBXFileReference; lastKnownFileType = sourcecode.swift; path = Router.swift; sourceTree = "<group>"; };
		D5411BDF2B5882790009719B /* StartQuizViewModel.swift */ = {isa = PBXFileReference; lastKnownFileType = sourcecode.swift; path = StartQuizViewModel.swift; sourceTree = "<group>"; };
		D5411BE12B59BD720009719B /* CapitalsQuizView.swift */ = {isa = PBXFileReference; lastKnownFileType = sourcecode.swift; path = CapitalsQuizView.swift; sourceTree = "<group>"; };
		D5411BE32B59BDE20009719B /* CapitalsQuizViewModel.swift */ = {isa = PBXFileReference; lastKnownFileType = sourcecode.swift; path = CapitalsQuizViewModel.swift; sourceTree = "<group>"; };
		D5411BEA2B5F02820009719B /* QuizCompletionView.swift */ = {isa = PBXFileReference; lastKnownFileType = sourcecode.swift; path = QuizCompletionView.swift; sourceTree = "<group>"; };
		D5411BEC2B5F02B80009719B /* AnswersView.swift */ = {isa = PBXFileReference; lastKnownFileType = sourcecode.swift; path = AnswersView.swift; sourceTree = "<group>"; };
		D5411BEE2B5F02D20009719B /* QuestionView.swift */ = {isa = PBXFileReference; lastKnownFileType = sourcecode.swift; path = QuestionView.swift; sourceTree = "<group>"; };
		D5411BF02B602AA40009719B /* FlagsQuizView.swift */ = {isa = PBXFileReference; lastKnownFileType = sourcecode.swift; path = FlagsQuizView.swift; sourceTree = "<group>"; };
		D5411BF22B602AD90009719B /* FlagsQuizViewModel.swift */ = {isa = PBXFileReference; lastKnownFileType = sourcecode.swift; path = FlagsQuizViewModel.swift; sourceTree = "<group>"; };
		D5411BF42B6185BC0009719B /* FlagsQuizAnswersView.swift */ = {isa = PBXFileReference; lastKnownFileType = sourcecode.swift; path = FlagsQuizAnswersView.swift; sourceTree = "<group>"; };
		D56F590B2B6EEAD2001D43D1 /* SoundButtonView.swift */ = {isa = PBXFileReference; lastKnownFileType = sourcecode.swift; path = SoundButtonView.swift; sourceTree = "<group>"; };
		D56F590E2B6FC5A1001D43D1 /* Images.xcassets */ = {isa = PBXFileReference; lastKnownFileType = folder.assetcatalog; path = Images.xcassets; sourceTree = "<group>"; };
		D56F59112B6FD84C001D43D1 /* LondrinaSolid-Regular.ttf */ = {isa = PBXFileReference; lastKnownFileType = file; path = "LondrinaSolid-Regular.ttf"; sourceTree = "<group>"; };
		D56F59142B702A20001D43D1 /* ResultTableViewCell.swift */ = {isa = PBXFileReference; lastKnownFileType = sourcecode.swift; path = ResultTableViewCell.swift; sourceTree = "<group>"; };
		D56F59162B7034CF001D43D1 /* CustomButton.swift */ = {isa = PBXFileReference; lastKnownFileType = sourcecode.swift; path = CustomButton.swift; sourceTree = "<group>"; };
		D56F59192B70382B001D43D1 /* CustomLabel.swift */ = {isa = PBXFileReference; lastKnownFileType = sourcecode.swift; path = CustomLabel.swift; sourceTree = "<group>"; };
		D56F591B2B704DC6001D43D1 /* FontExtension.swift */ = {isa = PBXFileReference; lastKnownFileType = sourcecode.swift; path = FontExtension.swift; sourceTree = "<group>"; };
		D56F59212B79310E001D43D1 /* ButtonModifierView.swift */ = {isa = PBXFileReference; lastKnownFileType = sourcecode.swift; path = ButtonModifierView.swift; sourceTree = "<group>"; };
		D56F59232B7933E0001D43D1 /* CustomFireworksView.swift */ = {isa = PBXFileReference; lastKnownFileType = sourcecode.swift; path = CustomFireworksView.swift; sourceTree = "<group>"; };
		D56F59252B7948D6001D43D1 /* ShakeView.swift */ = {isa = PBXFileReference; lastKnownFileType = sourcecode.swift; path = ShakeView.swift; sourceTree = "<group>"; };
		D56F59272B79546C001D43D1 /* UITableViewExtension.swift */ = {isa = PBXFileReference; lastKnownFileType = sourcecode.swift; path = UITableViewExtension.swift; sourceTree = "<group>"; };
		D56F59292B7961AC001D43D1 /* UserDefaultsExtension.swift */ = {isa = PBXFileReference; lastKnownFileType = sourcecode.swift; path = UserDefaultsExtension.swift; sourceTree = "<group>"; };
		D56F593D2B7A8F55001D43D1 /* QuizResultModel.swift */ = {isa = PBXFileReference; lastKnownFileType = sourcecode.swift; path = QuizResultModel.swift; sourceTree = "<group>"; };
		D56F59432B7A9159001D43D1 /* GeographyUnitTests.xctest */ = {isa = PBXFileReference; explicitFileType = wrapper.cfbundle; includeInIndex = 0; path = GeographyUnitTests.xctest; sourceTree = BUILT_PRODUCTS_DIR; };
		D56F59452B7A9159001D43D1 /* GeographyUnitTests.swift */ = {isa = PBXFileReference; lastKnownFileType = sourcecode.swift; path = GeographyUnitTests.swift; sourceTree = "<group>"; };
		D5A67D8C2BAA5EEA0098A668 /* CustomQuizViewController.swift */ = {isa = PBXFileReference; lastKnownFileType = sourcecode.swift; path = CustomQuizViewController.swift; sourceTree = "<group>"; };
		D5A67D8E2BAB6C5F0098A668 /* QuizModels.swift */ = {isa = PBXFileReference; lastKnownFileType = sourcecode.swift; path = QuizModels.swift; sourceTree = "<group>"; };
		D5A67D912BAB6E410098A668 /* MixedQuizView.swift */ = {isa = PBXFileReference; lastKnownFileType = sourcecode.swift; path = MixedQuizView.swift; sourceTree = "<group>"; };
		D5A67D932BAB6E4B0098A668 /* MixedQuizViewModel.swift */ = {isa = PBXFileReference; lastKnownFileType = sourcecode.swift; path = MixedQuizViewModel.swift; sourceTree = "<group>"; };
		D5A67D952BAB70030098A668 /* CustomQuizViewModel.swift */ = {isa = PBXFileReference; lastKnownFileType = sourcecode.swift; path = CustomQuizViewModel.swift; sourceTree = "<group>"; };
		D5A67D972BAB8CEB0098A668 /* AlertManager.swift */ = {isa = PBXFileReference; lastKnownFileType = sourcecode.swift; path = AlertManager.swift; sourceTree = "<group>"; };
		D5A67D9B2BADB4080098A668 /* AudioPlayerProtocol.swift */ = {isa = PBXFileReference; lastKnownFileType = sourcecode.swift; path = AudioPlayerProtocol.swift; sourceTree = "<group>"; };
		D5B1F1882B66912500645EC8 /* QuizControlView.swift */ = {isa = PBXFileReference; lastKnownFileType = sourcecode.swift; path = QuizControlView.swift; sourceTree = "<group>"; };
		D5B1F18E2B66A81B00645EC8 /* QuizProtocol.swift */ = {isa = PBXFileReference; lastKnownFileType = sourcecode.swift; path = QuizProtocol.swift; sourceTree = "<group>"; };
		D5B1F1BC2B69984B00645EC8 /* correct.mp3 */ = {isa = PBXFileReference; lastKnownFileType = audio.mp3; path = correct.mp3; sourceTree = "<group>"; };
		D5B1F1BD2B69984B00645EC8 /* wrong.mp3 */ = {isa = PBXFileReference; lastKnownFileType = audio.mp3; path = wrong.mp3; sourceTree = "<group>"; };
		D5B1F1C02B6C143A00645EC8 /* TimerView.swift */ = {isa = PBXFileReference; lastKnownFileType = sourcecode.swift; path = TimerView.swift; sourceTree = "<group>"; };
		D5B1F1C32B6C25D200645EC8 /* PlaceholderViewController.swift */ = {isa = PBXFileReference; lastKnownFileType = sourcecode.swift; path = PlaceholderViewController.swift; sourceTree = "<group>"; };
		D5B1F1C52B6C27D700645EC8 /* PlaceholderViewModel.swift */ = {isa = PBXFileReference; lastKnownFileType = sourcecode.swift; path = PlaceholderViewModel.swift; sourceTree = "<group>"; };
		D5B1F1C82B6DB78C00645EC8 /* StatsPageViewController.swift */ = {isa = PBXFileReference; lastKnownFileType = sourcecode.swift; path = StatsPageViewController.swift; sourceTree = "<group>"; };
		D5B1F1CA2B6DB90E00645EC8 /* StatsPageViewModel.swift */ = {isa = PBXFileReference; lastKnownFileType = sourcecode.swift; path = StatsPageViewModel.swift; sourceTree = "<group>"; };
/* End PBXFileReference section */

/* Begin PBXFrameworksBuildPhase section */
		D5411BA52B56F9070009719B /* Frameworks */ = {
			isa = PBXFrameworksBuildPhase;
			buildActionMask = 2147483647;
			files = (
				D5411BE72B5D69650009719B /* NetworkLayerPackage in Frameworks */,
				D5411BC92B5715ED0009719B /* NetworkLayerPackage in Frameworks */,
			);
			runOnlyForDeploymentPostprocessing = 0;
		};
		D56F59402B7A9159001D43D1 /* Frameworks */ = {
			isa = PBXFrameworksBuildPhase;
			buildActionMask = 2147483647;
			files = (
			);
			runOnlyForDeploymentPostprocessing = 0;
		};
/* End PBXFrameworksBuildPhase section */

/* Begin PBXGroup section */
		D5411B9F2B56F9070009719B = {
			isa = PBXGroup;
			children = (
				D5411BAA2B56F9070009719B /* Geography */,
				D56F59442B7A9159001D43D1 /* GeographyUnitTests */,
				D5411BA92B56F9070009719B /* Products */,
			);
			sourceTree = "<group>";
		};
		D5411BA92B56F9070009719B /* Products */ = {
			isa = PBXGroup;
			children = (
				D5411BA82B56F9070009719B /* Geography.app */,
				D56F59432B7A9159001D43D1 /* GeographyUnitTests.xctest */,
			);
			name = Products;
			sourceTree = "<group>";
		};
		D5411BAA2B56F9070009719B /* Geography */ = {
			isa = PBXGroup;
			children = (
				D5411BB92B56F9080009719B /* Info.plist */,
				D5411BC02B56FD090009719B /* Application */,
				D5B1F1BB2B69983700645EC8 /* Audios */,
				D56F59102B6FD833001D43D1 /* Fonts */,
				D5B1F1932B670A2400645EC8 /* Components */,
				D5411BDC2B587CCF0009719B /* Navigator */,
				D5411BCF2B5728450009719B /* Support */,
				D5411BC42B5715780009719B /* Model */,
				D5411BBF2B56FC160009719B /* Scenes */,
			);
			path = Geography;
			sourceTree = "<group>";
		};
		D5411BBF2B56FC160009719B /* Scenes */ = {
			isa = PBXGroup;
			children = (
				D5A67D902BAB6E290098A668 /* MixedQuiz */,
				D5A67D8B2BAA5ED60098A668 /* CustomQuizPage */,
				D5B1F1C22B6C25A700645EC8 /* Placeholder */,
				D5411BC12B56FD520009719B /* HomePage */,
				D5B1F1C72B6DB75600645EC8 /* StatsPage */,
				D5411BCA2B571F9E0009719B /* LearningPage */,
				D5411BD52B586DAE0009719B /* CountryDetails */,
				D5411BD82B5873850009719B /* StartQuiz */,
				D5411BD92B58739D0009719B /* CapitalsQuiz */,
				D5411BE52B59C47F0009719B /* FlagsQuiz */,
			);
			path = Scenes;
			sourceTree = "<group>";
		};
		D5411BC02B56FD090009719B /* Application */ = {
			isa = PBXGroup;
			children = (
				D5411BAB2B56F9070009719B /* AppDelegate.swift */,
				D5411BAD2B56F9070009719B /* SceneDelegate.swift */,
				D56F590E2B6FC5A1001D43D1 /* Images.xcassets */,
				D5411BB62B56F9080009719B /* LaunchScreen.storyboard */,
			);
			path = Application;
			sourceTree = "<group>";
		};
		D5411BC12B56FD520009719B /* HomePage */ = {
			isa = PBXGroup;
			children = (
				D5411BAF2B56F9070009719B /* HomePageViewController.swift */,
				D5411BC22B56FD620009719B /* HomePageViewModel.swift */,
			);
			path = HomePage;
			sourceTree = "<group>";
		};
		D5411BC42B5715780009719B /* Model */ = {
			isa = PBXGroup;
			children = (
				D5411BC52B57158C0009719B /* CountryModel.swift */,
				D5A67D8E2BAB6C5F0098A668 /* QuizModels.swift */,
				D56F593D2B7A8F55001D43D1 /* QuizResultModel.swift */,
			);
			path = Model;
			sourceTree = "<group>";
		};
		D5411BCA2B571F9E0009719B /* LearningPage */ = {
			isa = PBXGroup;
			children = (
				D5411BCB2B571FBB0009719B /* LearningPageViewController.swift */,
				D5411BCD2B571FDD0009719B /* LearningPageViewModel.swift */,
				D5411BD22B572B120009719B /* CustomCollectionViewCell */,
			);
			path = LearningPage;
			sourceTree = "<group>";
		};
		D5411BCF2B5728450009719B /* Support */ = {
			isa = PBXGroup;
			children = (
				D5A67D9D2BADB67E0098A668 /* Protocols */,
				D56F59272B79546C001D43D1 /* UITableViewExtension.swift */,
				D5411BD02B5728540009719B /* DateFormatter.swift */,
				D56F59292B7961AC001D43D1 /* UserDefaultsExtension.swift */,
				D5A67D972BAB8CEB0098A668 /* AlertManager.swift */,
			);
			path = Support;
			sourceTree = "<group>";
		};
		D5411BD22B572B120009719B /* CustomCollectionViewCell */ = {
			isa = PBXGroup;
			children = (
				D5411BD32B572B3A0009719B /* CustomCell.swift */,
			);
			path = CustomCollectionViewCell;
			sourceTree = "<group>";
		};
		D5411BD52B586DAE0009719B /* CountryDetails */ = {
			isa = PBXGroup;
			children = (
				D5411BD62B586DE90009719B /* CountryDetailsView.swift */,
			);
			path = CountryDetails;
			sourceTree = "<group>";
		};
		D5411BD82B5873850009719B /* StartQuiz */ = {
			isa = PBXGroup;
			children = (
				D5411BDA2B5876790009719B /* StartQuizViewController.swift */,
				D5411BDF2B5882790009719B /* StartQuizViewModel.swift */,
			);
			path = StartQuiz;
			sourceTree = "<group>";
		};
		D5411BD92B58739D0009719B /* CapitalsQuiz */ = {
			isa = PBXGroup;
			children = (
				D5411BE12B59BD720009719B /* CapitalsQuizView.swift */,
				D5411BE32B59BDE20009719B /* CapitalsQuizViewModel.swift */,
			);
			path = CapitalsQuiz;
			sourceTree = "<group>";
		};
		D5411BDC2B587CCF0009719B /* Navigator */ = {
			isa = PBXGroup;
			children = (
				D5411BDD2B587D6B0009719B /* Router.swift */,
			);
			path = Navigator;
			sourceTree = "<group>";
		};
		D5411BE52B59C47F0009719B /* FlagsQuiz */ = {
			isa = PBXGroup;
			children = (
				D5411BF02B602AA40009719B /* FlagsQuizView.swift */,
				D5411BF22B602AD90009719B /* FlagsQuizViewModel.swift */,
			);
			path = FlagsQuiz;
			sourceTree = "<group>";
		};
		D5411BE92B5F026B0009719B /* SwiftUI */ = {
			isa = PBXGroup;
			children = (
				D5B1F1C02B6C143A00645EC8 /* TimerView.swift */,
				D5411BEA2B5F02820009719B /* QuizCompletionView.swift */,
				D56F59232B7933E0001D43D1 /* CustomFireworksView.swift */,
				D5411BEC2B5F02B80009719B /* AnswersView.swift */,
				D5411BF42B6185BC0009719B /* FlagsQuizAnswersView.swift */,
				D5411BEE2B5F02D20009719B /* QuestionView.swift */,
				D56F59252B7948D6001D43D1 /* ShakeView.swift */,
				D5B1F1882B66912500645EC8 /* QuizControlView.swift */,
				D56F590B2B6EEAD2001D43D1 /* SoundButtonView.swift */,
				D56F59212B79310E001D43D1 /* ButtonModifierView.swift */,
			);
			path = SwiftUI;
			sourceTree = "<group>";
		};
		D56F590D2B6FB16A001D43D1 /* CustomTableViewCell */ = {
			isa = PBXGroup;
			children = (
				D56F59142B702A20001D43D1 /* ResultTableViewCell.swift */,
			);
			path = CustomTableViewCell;
			sourceTree = "<group>";
		};
		D56F59102B6FD833001D43D1 /* Fonts */ = {
			isa = PBXGroup;
			children = (
				D56F59112B6FD84C001D43D1 /* LondrinaSolid-Regular.ttf */,
				D56F591B2B704DC6001D43D1 /* FontExtension.swift */,
			);
			path = Fonts;
			sourceTree = "<group>";
		};
		D56F59182B7034D7001D43D1 /* UIKit */ = {
			isa = PBXGroup;
			children = (
				D56F59162B7034CF001D43D1 /* CustomButton.swift */,
				D56F59192B70382B001D43D1 /* CustomLabel.swift */,
			);
			path = UIKit;
			sourceTree = "<group>";
		};
		D56F59442B7A9159001D43D1 /* GeographyUnitTests */ = {
			isa = PBXGroup;
			children = (
				D56F59452B7A9159001D43D1 /* GeographyUnitTests.swift */,
			);
			path = GeographyUnitTests;
			sourceTree = "<group>";
		};
		D5A67D8B2BAA5ED60098A668 /* CustomQuizPage */ = {
			isa = PBXGroup;
			children = (
				D5A67D8C2BAA5EEA0098A668 /* CustomQuizViewController.swift */,
				D5A67D952BAB70030098A668 /* CustomQuizViewModel.swift */,
			);
			path = CustomQuizPage;
			sourceTree = "<group>";
		};
		D5A67D902BAB6E290098A668 /* MixedQuiz */ = {
			isa = PBXGroup;
			children = (
				D5A67D912BAB6E410098A668 /* MixedQuizView.swift */,
				D5A67D932BAB6E4B0098A668 /* MixedQuizViewModel.swift */,
			);
			path = MixedQuiz;
			sourceTree = "<group>";
		};
		D5A67D9D2BADB67E0098A668 /* Protocols */ = {
			isa = PBXGroup;
			children = (
				D5B1F18E2B66A81B00645EC8 /* QuizProtocol.swift */,
				D5A67D9B2BADB4080098A668 /* AudioPlayerProtocol.swift */,
			);
			path = Protocols;
			sourceTree = "<group>";
		};
		D5B1F1932B670A2400645EC8 /* Components */ = {
			isa = PBXGroup;
			children = (
				D56F59182B7034D7001D43D1 /* UIKit */,
				D5411BE92B5F026B0009719B /* SwiftUI */,
			);
			path = Components;
			sourceTree = "<group>";
		};
		D5B1F1BB2B69983700645EC8 /* Audios */ = {
			isa = PBXGroup;
			children = (
				D5B1F1BC2B69984B00645EC8 /* correct.mp3 */,
				D5B1F1BD2B69984B00645EC8 /* wrong.mp3 */,
			);
			path = Audios;
			sourceTree = "<group>";
		};
		D5B1F1C22B6C25A700645EC8 /* Placeholder */ = {
			isa = PBXGroup;
			children = (
				D5B1F1C32B6C25D200645EC8 /* PlaceholderViewController.swift */,
				D5B1F1C52B6C27D700645EC8 /* PlaceholderViewModel.swift */,
			);
			path = Placeholder;
			sourceTree = "<group>";
		};
		D5B1F1C72B6DB75600645EC8 /* StatsPage */ = {
			isa = PBXGroup;
			children = (
				D5B1F1C82B6DB78C00645EC8 /* StatsPageViewController.swift */,
				D5B1F1CA2B6DB90E00645EC8 /* StatsPageViewModel.swift */,
				D56F590D2B6FB16A001D43D1 /* CustomTableViewCell */,
			);
			path = StatsPage;
			sourceTree = "<group>";
		};
/* End PBXGroup section */

/* Begin PBXNativeTarget section */
		D5411BA72B56F9070009719B /* Geography */ = {
			isa = PBXNativeTarget;
			buildConfigurationList = D5411BBC2B56F9080009719B /* Build configuration list for PBXNativeTarget "Geography" */;
			buildPhases = (
				D5411BA42B56F9070009719B /* Sources */,
				D5411BA52B56F9070009719B /* Frameworks */,
				D5411BA62B56F9070009719B /* Resources */,
			);
			buildRules = (
			);
			dependencies = (
			);
			name = Geography;
			packageProductDependencies = (
				D5411BC82B5715ED0009719B /* NetworkLayerPackage */,
				D5411BE62B5D69650009719B /* NetworkLayerPackage */,
			);
			productName = Geography;
			productReference = D5411BA82B56F9070009719B /* Geography.app */;
			productType = "com.apple.product-type.application";
		};
		D56F59422B7A9159001D43D1 /* GeographyUnitTests */ = {
			isa = PBXNativeTarget;
			buildConfigurationList = D56F59492B7A915A001D43D1 /* Build configuration list for PBXNativeTarget "GeographyUnitTests" */;
			buildPhases = (
				D56F593F2B7A9159001D43D1 /* Sources */,
				D56F59402B7A9159001D43D1 /* Frameworks */,
				D56F59412B7A9159001D43D1 /* Resources */,
			);
			buildRules = (
			);
			dependencies = (
				D56F59482B7A915A001D43D1 /* PBXTargetDependency */,
			);
			name = GeographyUnitTests;
			productName = GeographyUnitTests;
			productReference = D56F59432B7A9159001D43D1 /* GeographyUnitTests.xctest */;
			productType = "com.apple.product-type.bundle.unit-test";
		};
/* End PBXNativeTarget section */

/* Begin PBXProject section */
		D5411BA02B56F9070009719B /* Project object */ = {
			isa = PBXProject;
			attributes = {
				BuildIndependentTargetsInParallel = 1;
				LastSwiftUpdateCheck = 1500;
				LastUpgradeCheck = 1500;
				TargetAttributes = {
					D5411BA72B56F9070009719B = {
						CreatedOnToolsVersion = 15.0;
					};
					D56F59422B7A9159001D43D1 = {
						CreatedOnToolsVersion = 15.0;
						TestTargetID = D5411BA72B56F9070009719B;
					};
				};
			};
			buildConfigurationList = D5411BA32B56F9070009719B /* Build configuration list for PBXProject "Geography" */;
			compatibilityVersion = "Xcode 14.0";
			developmentRegion = en;
			hasScannedForEncodings = 0;
			knownRegions = (
				en,
				Base,
			);
			mainGroup = D5411B9F2B56F9070009719B;
			packageReferences = (
				D5411BC72B5715ED0009719B /* XCRemoteSwiftPackageReference "networkingmanager" */,
			);
			productRefGroup = D5411BA92B56F9070009719B /* Products */;
			projectDirPath = "";
			projectRoot = "";
			targets = (
				D5411BA72B56F9070009719B /* Geography */,
				D56F59422B7A9159001D43D1 /* GeographyUnitTests */,
			);
		};
/* End PBXProject section */

/* Begin PBXResourcesBuildPhase section */
		D5411BA62B56F9070009719B /* Resources */ = {
			isa = PBXResourcesBuildPhase;
			buildActionMask = 2147483647;
			files = (
				D56F59132B6FD8E5001D43D1 /* LondrinaSolid-Regular.ttf in Resources */,
				D56F590F2B6FC5A1001D43D1 /* Images.xcassets in Resources */,
				D5B1F1BF2B69984B00645EC8 /* wrong.mp3 in Resources */,
				D5411BB82B56F9080009719B /* LaunchScreen.storyboard in Resources */,
				D5B1F1BE2B69984B00645EC8 /* correct.mp3 in Resources */,
			);
			runOnlyForDeploymentPostprocessing = 0;
		};
		D56F59412B7A9159001D43D1 /* Resources */ = {
			isa = PBXResourcesBuildPhase;
			buildActionMask = 2147483647;
			files = (
			);
			runOnlyForDeploymentPostprocessing = 0;
		};
/* End PBXResourcesBuildPhase section */

/* Begin PBXSourcesBuildPhase section */
		D5411BA42B56F9070009719B /* Sources */ = {
			isa = PBXSourcesBuildPhase;
			buildActionMask = 2147483647;
			files = (
				D5A67D962BAB70030098A668 /* CustomQuizViewModel.swift in Sources */,
				D5B1F1C92B6DB78C00645EC8 /* StatsPageViewController.swift in Sources */,
				D5411BD72B586DE90009719B /* CountryDetailsView.swift in Sources */,
				D5411BEB2B5F02820009719B /* QuizCompletionView.swift in Sources */,
				D5411BC32B56FD620009719B /* HomePageViewModel.swift in Sources */,
				D5411BF12B602AA40009719B /* FlagsQuizView.swift in Sources */,
				D5411BE42B59BDE20009719B /* CapitalsQuizViewModel.swift in Sources */,
				D5411BF32B602AD90009719B /* FlagsQuizViewModel.swift in Sources */,
				D56F591A2B70382B001D43D1 /* CustomLabel.swift in Sources */,
				D56F593E2B7A8F55001D43D1 /* QuizResultModel.swift in Sources */,
				D5411BB02B56F9070009719B /* HomePageViewController.swift in Sources */,
				D5A67D9C2BADB4080098A668 /* AudioPlayerProtocol.swift in Sources */,
				D56F59262B7948D6001D43D1 /* ShakeView.swift in Sources */,
				D56F591C2B704DC6001D43D1 /* FontExtension.swift in Sources */,
				D5411BE02B5882790009719B /* StartQuizViewModel.swift in Sources */,
				D5411BCC2B571FBB0009719B /* LearningPageViewController.swift in Sources */,
				D5411BAC2B56F9070009719B /* AppDelegate.swift in Sources */,
				D56F59152B702A20001D43D1 /* ResultTableViewCell.swift in Sources */,
				D5A67D982BAB8CEB0098A668 /* AlertManager.swift in Sources */,
				D5411BED2B5F02B80009719B /* AnswersView.swift in Sources */,
				D5411BF52B6185BC0009719B /* FlagsQuizAnswersView.swift in Sources */,
				D5411BDE2B587D6B0009719B /* Router.swift in Sources */,
				D56F59222B79310F001D43D1 /* ButtonModifierView.swift in Sources */,
				D5A67D8F2BAB6C5F0098A668 /* QuizModels.swift in Sources */,
				D5A67D942BAB6E4B0098A668 /* MixedQuizViewModel.swift in Sources */,
				D5B1F1C42B6C25D200645EC8 /* PlaceholderViewController.swift in Sources */,
				D5B1F1CB2B6DB90E00645EC8 /* StatsPageViewModel.swift in Sources */,
				D56F59282B79546C001D43D1 /* UITableViewExtension.swift in Sources */,
				D56F592A2B7961AC001D43D1 /* UserDefaultsExtension.swift in Sources */,
				D56F59172B7034CF001D43D1 /* CustomButton.swift in Sources */,
				D5411BD42B572B3A0009719B /* CustomCell.swift in Sources */,
				D5411BDB2B5876790009719B /* StartQuizViewController.swift in Sources */,
				D5B1F1C12B6C143A00645EC8 /* TimerView.swift in Sources */,
				D5A67D8D2BAA5EEB0098A668 /* CustomQuizViewController.swift in Sources */,
				D5411BCE2B571FDD0009719B /* LearningPageViewModel.swift in Sources */,
				D5411BD12B5728540009719B /* DateFormatter.swift in Sources */,
				D5411BAE2B56F9070009719B /* SceneDelegate.swift in Sources */,
				D5411BC62B57158C0009719B /* CountryModel.swift in Sources */,
				D5B1F1892B66912500645EC8 /* QuizControlView.swift in Sources */,
				D5A67D922BAB6E410098A668 /* MixedQuizView.swift in Sources */,
				D5B1F1C62B6C27D700645EC8 /* PlaceholderViewModel.swift in Sources */,
				D56F59242B7933E0001D43D1 /* CustomFireworksView.swift in Sources */,
				D5B1F18F2B66A81B00645EC8 /* QuizProtocol.swift in Sources */,
				D56F590C2B6EEAD2001D43D1 /* SoundButtonView.swift in Sources */,
				D5411BEF2B5F02D20009719B /* QuestionView.swift in Sources */,
				D5411BE22B59BD720009719B /* CapitalsQuizView.swift in Sources */,
			);
			runOnlyForDeploymentPostprocessing = 0;
		};
		D56F593F2B7A9159001D43D1 /* Sources */ = {
			isa = PBXSourcesBuildPhase;
			buildActionMask = 2147483647;
			files = (
				D56F59462B7A9159001D43D1 /* GeographyUnitTests.swift in Sources */,
			);
			runOnlyForDeploymentPostprocessing = 0;
		};
/* End PBXSourcesBuildPhase section */

/* Begin PBXTargetDependency section */
		D56F59482B7A915A001D43D1 /* PBXTargetDependency */ = {
			isa = PBXTargetDependency;
			target = D5411BA72B56F9070009719B /* Geography */;
			targetProxy = D56F59472B7A915A001D43D1 /* PBXContainerItemProxy */;
		};
/* End PBXTargetDependency section */

/* Begin PBXVariantGroup section */
		D5411BB62B56F9080009719B /* LaunchScreen.storyboard */ = {
			isa = PBXVariantGroup;
			children = (
				D5411BB72B56F9080009719B /* Base */,
			);
			name = LaunchScreen.storyboard;
			sourceTree = "<group>";
		};
/* End PBXVariantGroup section */

/* Begin XCBuildConfiguration section */
		D5411BBA2B56F9080009719B /* Debug */ = {
			isa = XCBuildConfiguration;
			buildSettings = {
				ALWAYS_SEARCH_USER_PATHS = NO;
				ASSETCATALOG_COMPILER_GENERATE_SWIFT_ASSET_SYMBOL_EXTENSIONS = YES;
				CLANG_ANALYZER_NONNULL = YES;
				CLANG_ANALYZER_NUMBER_OBJECT_CONVERSION = YES_AGGRESSIVE;
				CLANG_CXX_LANGUAGE_STANDARD = "gnu++20";
				CLANG_ENABLE_MODULES = YES;
				CLANG_ENABLE_OBJC_ARC = YES;
				CLANG_ENABLE_OBJC_WEAK = YES;
				CLANG_WARN_BLOCK_CAPTURE_AUTORELEASING = YES;
				CLANG_WARN_BOOL_CONVERSION = YES;
				CLANG_WARN_COMMA = YES;
				CLANG_WARN_CONSTANT_CONVERSION = YES;
				CLANG_WARN_DEPRECATED_OBJC_IMPLEMENTATIONS = YES;
				CLANG_WARN_DIRECT_OBJC_ISA_USAGE = YES_ERROR;
				CLANG_WARN_DOCUMENTATION_COMMENTS = YES;
				CLANG_WARN_EMPTY_BODY = YES;
				CLANG_WARN_ENUM_CONVERSION = YES;
				CLANG_WARN_INFINITE_RECURSION = YES;
				CLANG_WARN_INT_CONVERSION = YES;
				CLANG_WARN_NON_LITERAL_NULL_CONVERSION = YES;
				CLANG_WARN_OBJC_IMPLICIT_RETAIN_SELF = YES;
				CLANG_WARN_OBJC_LITERAL_CONVERSION = YES;
				CLANG_WARN_OBJC_ROOT_CLASS = YES_ERROR;
				CLANG_WARN_QUOTED_INCLUDE_IN_FRAMEWORK_HEADER = YES;
				CLANG_WARN_RANGE_LOOP_ANALYSIS = YES;
				CLANG_WARN_STRICT_PROTOTYPES = YES;
				CLANG_WARN_SUSPICIOUS_MOVE = YES;
				CLANG_WARN_UNGUARDED_AVAILABILITY = YES_AGGRESSIVE;
				CLANG_WARN_UNREACHABLE_CODE = YES;
				CLANG_WARN__DUPLICATE_METHOD_MATCH = YES;
				COPY_PHASE_STRIP = NO;
				DEBUG_INFORMATION_FORMAT = dwarf;
				ENABLE_STRICT_OBJC_MSGSEND = YES;
				ENABLE_TESTABILITY = YES;
				ENABLE_USER_SCRIPT_SANDBOXING = YES;
				GCC_C_LANGUAGE_STANDARD = gnu17;
				GCC_DYNAMIC_NO_PIC = NO;
				GCC_NO_COMMON_BLOCKS = YES;
				GCC_OPTIMIZATION_LEVEL = 0;
				GCC_PREPROCESSOR_DEFINITIONS = (
					"DEBUG=1",
					"$(inherited)",
				);
				GCC_WARN_64_TO_32_BIT_CONVERSION = YES;
				GCC_WARN_ABOUT_RETURN_TYPE = YES_ERROR;
				GCC_WARN_UNDECLARED_SELECTOR = YES;
				GCC_WARN_UNINITIALIZED_AUTOS = YES_AGGRESSIVE;
				GCC_WARN_UNUSED_FUNCTION = YES;
				GCC_WARN_UNUSED_VARIABLE = YES;
				IPHONEOS_DEPLOYMENT_TARGET = 17.0;
				LOCALIZATION_PREFERS_STRING_CATALOGS = YES;
				MTL_ENABLE_DEBUG_INFO = INCLUDE_SOURCE;
				MTL_FAST_MATH = YES;
				ONLY_ACTIVE_ARCH = YES;
				SDKROOT = iphoneos;
				SWIFT_ACTIVE_COMPILATION_CONDITIONS = "DEBUG $(inherited)";
				SWIFT_OPTIMIZATION_LEVEL = "-Onone";
			};
			name = Debug;
		};
		D5411BBB2B56F9080009719B /* Release */ = {
			isa = XCBuildConfiguration;
			buildSettings = {
				ALWAYS_SEARCH_USER_PATHS = NO;
				ASSETCATALOG_COMPILER_GENERATE_SWIFT_ASSET_SYMBOL_EXTENSIONS = YES;
				CLANG_ANALYZER_NONNULL = YES;
				CLANG_ANALYZER_NUMBER_OBJECT_CONVERSION = YES_AGGRESSIVE;
				CLANG_CXX_LANGUAGE_STANDARD = "gnu++20";
				CLANG_ENABLE_MODULES = YES;
				CLANG_ENABLE_OBJC_ARC = YES;
				CLANG_ENABLE_OBJC_WEAK = YES;
				CLANG_WARN_BLOCK_CAPTURE_AUTORELEASING = YES;
				CLANG_WARN_BOOL_CONVERSION = YES;
				CLANG_WARN_COMMA = YES;
				CLANG_WARN_CONSTANT_CONVERSION = YES;
				CLANG_WARN_DEPRECATED_OBJC_IMPLEMENTATIONS = YES;
				CLANG_WARN_DIRECT_OBJC_ISA_USAGE = YES_ERROR;
				CLANG_WARN_DOCUMENTATION_COMMENTS = YES;
				CLANG_WARN_EMPTY_BODY = YES;
				CLANG_WARN_ENUM_CONVERSION = YES;
				CLANG_WARN_INFINITE_RECURSION = YES;
				CLANG_WARN_INT_CONVERSION = YES;
				CLANG_WARN_NON_LITERAL_NULL_CONVERSION = YES;
				CLANG_WARN_OBJC_IMPLICIT_RETAIN_SELF = YES;
				CLANG_WARN_OBJC_LITERAL_CONVERSION = YES;
				CLANG_WARN_OBJC_ROOT_CLASS = YES_ERROR;
				CLANG_WARN_QUOTED_INCLUDE_IN_FRAMEWORK_HEADER = YES;
				CLANG_WARN_RANGE_LOOP_ANALYSIS = YES;
				CLANG_WARN_STRICT_PROTOTYPES = YES;
				CLANG_WARN_SUSPICIOUS_MOVE = YES;
				CLANG_WARN_UNGUARDED_AVAILABILITY = YES_AGGRESSIVE;
				CLANG_WARN_UNREACHABLE_CODE = YES;
				CLANG_WARN__DUPLICATE_METHOD_MATCH = YES;
				COPY_PHASE_STRIP = NO;
				DEBUG_INFORMATION_FORMAT = "dwarf-with-dsym";
				ENABLE_NS_ASSERTIONS = NO;
				ENABLE_STRICT_OBJC_MSGSEND = YES;
				ENABLE_USER_SCRIPT_SANDBOXING = YES;
				GCC_C_LANGUAGE_STANDARD = gnu17;
				GCC_NO_COMMON_BLOCKS = YES;
				GCC_WARN_64_TO_32_BIT_CONVERSION = YES;
				GCC_WARN_ABOUT_RETURN_TYPE = YES_ERROR;
				GCC_WARN_UNDECLARED_SELECTOR = YES;
				GCC_WARN_UNINITIALIZED_AUTOS = YES_AGGRESSIVE;
				GCC_WARN_UNUSED_FUNCTION = YES;
				GCC_WARN_UNUSED_VARIABLE = YES;
				IPHONEOS_DEPLOYMENT_TARGET = 17.0;
				LOCALIZATION_PREFERS_STRING_CATALOGS = YES;
				MTL_ENABLE_DEBUG_INFO = NO;
				MTL_FAST_MATH = YES;
				SDKROOT = iphoneos;
				SWIFT_COMPILATION_MODE = wholemodule;
				VALIDATE_PRODUCT = YES;
			};
			name = Release;
		};
		D5411BBD2B56F9080009719B /* Debug */ = {
			isa = XCBuildConfiguration;
			buildSettings = {
				ASSETCATALOG_COMPILER_APPICON_NAME = AppIcon;
				ASSETCATALOG_COMPILER_GLOBAL_ACCENT_COLOR_NAME = AccentColor;
				ASSETCATALOG_COMPILER_INCLUDE_ALL_APPICON_ASSETS = YES;
				CODE_SIGN_STYLE = Automatic;
				CURRENT_PROJECT_VERSION = 1;
				GENERATE_INFOPLIST_FILE = YES;
				INFOPLIST_FILE = Geography/Info.plist;
				INFOPLIST_KEY_UIApplicationSupportsIndirectInputEvents = YES;
				INFOPLIST_KEY_UILaunchStoryboardName = LaunchScreen;
				INFOPLIST_KEY_UISupportedInterfaceOrientations_iPad = "UIInterfaceOrientationPortrait UIInterfaceOrientationPortraitUpsideDown UIInterfaceOrientationLandscapeLeft UIInterfaceOrientationLandscapeRight";
				INFOPLIST_KEY_UISupportedInterfaceOrientations_iPhone = "UIInterfaceOrientationPortrait UIInterfaceOrientationLandscapeLeft UIInterfaceOrientationLandscapeRight";
				IPHONEOS_DEPLOYMENT_TARGET = 16.0;
				LD_RUNPATH_SEARCH_PATHS = (
					"$(inherited)",
					"@executable_path/Frameworks",
				);
				MARKETING_VERSION = 1.0;
				PRODUCT_BUNDLE_IDENTIFIER = Nikoloz.Geography;
				PRODUCT_NAME = "$(TARGET_NAME)";
				SWIFT_EMIT_LOC_STRINGS = YES;
				SWIFT_VERSION = 5.0;
				TARGETED_DEVICE_FAMILY = "1,2";
			};
			name = Debug;
		};
		D5411BBE2B56F9080009719B /* Release */ = {
			isa = XCBuildConfiguration;
			buildSettings = {
				ASSETCATALOG_COMPILER_APPICON_NAME = AppIcon;
				ASSETCATALOG_COMPILER_GLOBAL_ACCENT_COLOR_NAME = AccentColor;
				ASSETCATALOG_COMPILER_INCLUDE_ALL_APPICON_ASSETS = YES;
				CODE_SIGN_STYLE = Automatic;
				CURRENT_PROJECT_VERSION = 1;
				GENERATE_INFOPLIST_FILE = YES;
				INFOPLIST_FILE = Geography/Info.plist;
				INFOPLIST_KEY_UIApplicationSupportsIndirectInputEvents = YES;
				INFOPLIST_KEY_UILaunchStoryboardName = LaunchScreen;
				INFOPLIST_KEY_UISupportedInterfaceOrientations_iPad = "UIInterfaceOrientationPortrait UIInterfaceOrientationPortraitUpsideDown UIInterfaceOrientationLandscapeLeft UIInterfaceOrientationLandscapeRight";
				INFOPLIST_KEY_UISupportedInterfaceOrientations_iPhone = "UIInterfaceOrientationPortrait UIInterfaceOrientationLandscapeLeft UIInterfaceOrientationLandscapeRight";
				IPHONEOS_DEPLOYMENT_TARGET = 16.0;
				LD_RUNPATH_SEARCH_PATHS = (
					"$(inherited)",
					"@executable_path/Frameworks",
				);
				MARKETING_VERSION = 1.0;
				PRODUCT_BUNDLE_IDENTIFIER = Nikoloz.Geography;
				PRODUCT_NAME = "$(TARGET_NAME)";
				SWIFT_EMIT_LOC_STRINGS = YES;
				SWIFT_VERSION = 5.0;
				TARGETED_DEVICE_FAMILY = "1,2";
			};
			name = Release;
		};
		D56F594A2B7A915A001D43D1 /* Debug */ = {
			isa = XCBuildConfiguration;
			buildSettings = {
				BUNDLE_LOADER = "$(TEST_HOST)";
				CODE_SIGN_STYLE = Automatic;
				CURRENT_PROJECT_VERSION = 1;
				GENERATE_INFOPLIST_FILE = YES;
				MARKETING_VERSION = 1.0;
				PRODUCT_BUNDLE_IDENTIFIER = Nikoloz.GeographyUnitTests;
				PRODUCT_NAME = "$(TARGET_NAME)";
				SWIFT_EMIT_LOC_STRINGS = NO;
				SWIFT_VERSION = 5.0;
				TARGETED_DEVICE_FAMILY = "1,2";
				TEST_HOST = "$(BUILT_PRODUCTS_DIR)/Geography.app/$(BUNDLE_EXECUTABLE_FOLDER_PATH)/Geography";
			};
			name = Debug;
		};
		D56F594B2B7A915A001D43D1 /* Release */ = {
			isa = XCBuildConfiguration;
			buildSettings = {
				BUNDLE_LOADER = "$(TEST_HOST)";
				CODE_SIGN_STYLE = Automatic;
				CURRENT_PROJECT_VERSION = 1;
				GENERATE_INFOPLIST_FILE = YES;
				MARKETING_VERSION = 1.0;
				PRODUCT_BUNDLE_IDENTIFIER = Nikoloz.GeographyUnitTests;
				PRODUCT_NAME = "$(TARGET_NAME)";
				SWIFT_EMIT_LOC_STRINGS = NO;
				SWIFT_VERSION = 5.0;
				TARGETED_DEVICE_FAMILY = "1,2";
				TEST_HOST = "$(BUILT_PRODUCTS_DIR)/Geography.app/$(BUNDLE_EXECUTABLE_FOLDER_PATH)/Geography";
			};
			name = Release;
		};
/* End XCBuildConfiguration section */

/* Begin XCConfigurationList section */
		D5411BA32B56F9070009719B /* Build configuration list for PBXProject "Geography" */ = {
			isa = XCConfigurationList;
			buildConfigurations = (
				D5411BBA2B56F9080009719B /* Debug */,
				D5411BBB2B56F9080009719B /* Release */,
			);
			defaultConfigurationIsVisible = 0;
			defaultConfigurationName = Release;
		};
		D5411BBC2B56F9080009719B /* Build configuration list for PBXNativeTarget "Geography" */ = {
			isa = XCConfigurationList;
			buildConfigurations = (
				D5411BBD2B56F9080009719B /* Debug */,
				D5411BBE2B56F9080009719B /* Release */,
			);
			defaultConfigurationIsVisible = 0;
			defaultConfigurationName = Release;
		};
		D56F59492B7A915A001D43D1 /* Build configuration list for PBXNativeTarget "GeographyUnitTests" */ = {
			isa = XCConfigurationList;
			buildConfigurations = (
				D56F594A2B7A915A001D43D1 /* Debug */,
				D56F594B2B7A915A001D43D1 /* Release */,
			);
			defaultConfigurationIsVisible = 0;
			defaultConfigurationName = Release;
		};
/* End XCConfigurationList section */

/* Begin XCRemoteSwiftPackageReference section */
		D5411BC72B5715ED0009719B /* XCRemoteSwiftPackageReference "networkingmanager" */ = {
			isa = XCRemoteSwiftPackageReference;
			repositoryURL = "https://github.com/nikagacho/networkingmanager";
			requirement = {
				branch = main;
				kind = branch;
			};
		};
/* End XCRemoteSwiftPackageReference section */

/* Begin XCSwiftPackageProductDependency section */
		D5411BC82B5715ED0009719B /* NetworkLayerPackage */ = {
			isa = XCSwiftPackageProductDependency;
			package = D5411BC72B5715ED0009719B /* XCRemoteSwiftPackageReference "networkingmanager" */;
			productName = NetworkLayerPackage;
		};
		D5411BE62B5D69650009719B /* NetworkLayerPackage */ = {
			isa = XCSwiftPackageProductDependency;
			package = D5411BC72B5715ED0009719B /* XCRemoteSwiftPackageReference "networkingmanager" */;
			productName = NetworkLayerPackage;
		};
/* End XCSwiftPackageProductDependency section */
	};
	rootObject = D5411BA02B56F9070009719B /* Project object */;
}
