{
  "pins" : [
    {
      "identity" : "networkingmanager",
      "kind" : "remoteSourceControl",
      "location" : "https://github.com/nikagacho/networkingmanager",
      "state" : {
        "branch" : "main",
        "revision" : "9f437437c9ce9ddfbc8153433be2c839a1822df8"
      }
    }
  ],
  "version" : 2
}
