{
  "pins" : [
    {
      "identity" : "networkingmanager",
      "kind" : "remoteSourceControl",
      "location" : "https://github.com/nikagacho/networkingmanager",
      "state" : {
        "branch" : "main",
        "revision" : "ae42e5fe694b7db3090b8ed47b17360d6b132d36"
      }
    }
  ],
  "version" : 2
}
