{
  "pins" : [
    {
      "identity" : "networkingmanager",
      "kind" : "remoteSourceControl",
      "location" : "https://github.com/nikagacho/networkingmanager",
      "state" : {
        "branch" : "main",
        "revision" : "ff5838c3c842170726b1acf8a575aa6b1cf5d9c5"
      }
    }
  ],
  "version" : 2
}
